<?xml version="1.0" encoding="utf-8"?>
<Project ToolsVersion="4.0" xmlns="http://schemas.microsoft.com/developer/msbuild/2003">
  <ItemGroup>
    <ClCompile Include="framework\dllmain.cpp">
      <Filter>framework</Filter>
    </ClCompile>
    <ClCompile Include="framework\helpers.cpp">
      <Filter>framework</Filter>
    </ClCompile>
    <ClCompile Include="framework\il2cpp-init.cpp">
      <Filter>framework</Filter>
    </ClCompile>
    <ClCompile Include="framework\pch-il2cpp.cpp">
      <Filter>framework</Filter>
    </ClCompile>
    <ClCompile Include="imgui\imgui_draw.cpp">
      <Filter>imgui</Filter>
    </ClCompile>
    <ClCompile Include="imgui\imgui_impl_dx11.cpp">
      <Filter>imgui</Filter>
    </ClCompile>
    <ClCompile Include="imgui\imgui_impl_win32.cpp">
      <Filter>imgui</Filter>
    </ClCompile>
    <ClCompile Include="imgui\imgui_widgets.cpp">
      <Filter>imgui</Filter>
    </ClCompile>
    <ClCompile Include="imgui\imgui.cpp">
      <Filter>imgui</Filter>
    </ClCompile>
    <ClCompile Include="imgui\imgui_demo.cpp">
      <Filter>imgui</Filter>
    </ClCompile>
    <ClCompile Include="user\main.cpp">
      <Filter>user</Filter>
    </ClCompile>
    <ClCompile Include="user\pch.cpp">
      <Filter>user</Filter>
    </ClCompile>
  </ItemGroup>
  <ItemGroup>
    <ClInclude Include="appdata\il2cpp-api-functions.h">
      <Filter>appdata</Filter>
    </ClInclude>
    <ClInclude Include="appdata\il2cpp-api-functions-ptr.h">
      <Filter>appdata</Filter>
    </ClInclude>
    <ClInclude Include="appdata\il2cpp-functions.h">
      <Filter>appdata</Filter>
    </ClInclude>
    <ClInclude Include="appdata\il2cpp-metadata-version.h">
      <Filter>appdata</Filter>
    </ClInclude>
    <ClInclude Include="appdata\il2cpp-types.h">
      <Filter>appdata</Filter>
    </ClInclude>
    <ClInclude Include="appdata\il2cpp-types-ptr.h">
      <Filter>appdata</Filter>
    </ClInclude>
    <ClInclude Include="framework\helpers.h">
      <Filter>framework</Filter>
    </ClInclude>
    <ClInclude Include="framework\il2cpp-appdata.h">
      <Filter>framework</Filter>
    </ClInclude>
    <ClInclude Include="framework\il2cpp-init.h">
      <Filter>framework</Filter>
    </ClInclude>
    <ClInclude Include="framework\pch-il2cpp.h">
      <Filter>framework</Filter>
    </ClInclude>
    <ClInclude Include="imgui\imgui_impl_dx11.h">
      <Filter>imgui</Filter>
    </ClInclude>
    <ClInclude Include="imgui\imgui_impl_win32.h">
      <Filter>imgui</Filter>
    </ClInclude>
    <ClInclude Include="imgui\imgui_internal.h">
      <Filter>imgui</Filter>
    </ClInclude>
    <ClInclude Include="imgui\imconfig.h">
      <Filter>imgui</Filter>
    </ClInclude>
    <ClInclude Include="imgui\imgui.h">
      <Filter>imgui</Filter>
    </ClInclude>
    <ClInclude Include="user\imstb_truetype.h">
      <Filter>user</Filter>
    </ClInclude>
    <ClInclude Include="user\Macro.h">
      <Filter>user</Filter>
    </ClInclude>
    <ClInclude Include="user\main.h">
      <Filter>user</Filter>
    </ClInclude>
    <ClInclude Include="user\pch.h">
      <Filter>user</Filter>
    </ClInclude>
    <ClInclude Include="user\TypeDefs.h">
      <Filter>user</Filter>
    </ClInclude>
    <ClInclude Include="user\Util.hpp">
      <Filter>user</Filter>
    </ClInclude>
    <ClInclude Include="user\detours.h">
      <Filter>user</Filter>
    </ClInclude>
    <ClInclude Include="user\DXGI_INDEX.h">
      <Filter>user</Filter>
    </ClInclude>
    <ClInclude Include="user\imstb_rectpack.h">
      <Filter>user</Filter>
    </ClInclude>
    <ClInclude Include="user\imstb_textedit.h">
      <Filter>user</Filter>
    </ClInclude>
  </ItemGroup>
  <ItemGroup>
    <Filter Include="appdata">
      <UniqueIdentifier>{734e6c21-00fd-4c2f-a7fc-94f2e3b79f04}</UniqueIdentifier>
    </Filter>
    <Filter Include="framework">
      <UniqueIdentifier>{f72dcd34-e9c1-445f-90b4-dcbcaf352520}</UniqueIdentifier>
    </Filter>
    <Filter Include="user">
      <UniqueIdentifier>{9c832105-f96a-4342-8432-5d6ce659b03a}</UniqueIdentifier>
    </Filter>
    <Filter Include="imgui">
      <UniqueIdentifier>{b9317d6d-2aa7-4f63-a480-b6a9323ad646}</UniqueIdentifier>
    </Filter>
  </ItemGroup>
</Project>